
Microsoft Visual Studio Solution File, Format Version 12.00
# Visual Studio Version 17
VisualStudioVersion = 17.4.33205.214
MinimumVisualStudioVersion = 10.0.40219.1
Project("{FAE04EC0-301F-11D3-BF4B-00C04F79EFBC}") = "CuttingMachineGUI", "CuttingMachineGUI\CuttingMachineGUI.csproj", "{7AD3F177-C418-4044-A230-681EE7D280ED}"
EndProject
Global
	GlobalSection(SolutionConfigurationPlatforms) = preSolution
		Debug|Any CPU = Debug|Any CPU
		Release|Any CPU = Release|Any CPU
	EndGlobalSection
	GlobalSection(ProjectConfigurationPlatforms) = postSolution
		{7AD3F177-C418-4044-A230-681EE7D280ED}.Debug|Any CPU.ActiveCfg = Debug|Any CPU
		{7AD3F177-C418-4044-A230-681EE7D280ED}.Debug|Any CPU.Build.0 = Debug|Any CPU
		{7AD3F177-C418-4044-A230-681EE7D280ED}.Release|Any CPU.ActiveCfg = Release|Any CPU
		{7AD3F177-C418-4044-A230-681EE7D280ED}.Release|Any CPU.Build.0 = Release|Any CPU
	EndGlobalSection
	GlobalSection(SolutionProperties) = preSolution
		HideSolutionNode = FALSE
	EndGlobalSection
	GlobalSection(ExtensibilityGlobals) = postSolution
		SolutionGuid = {B1865A6D-1839-4EDC-B80D-64D0DE25404C}
	EndGlobalSection
EndGlobal
